// !$*UTF8*$!
{
	archiveVersion = 1;
	classes = {
	};
	objectVersion = 50;
	objects = {

/* Begin PBXBuildFile section */
		B140807226047FB700FA0047 /* CSLogButton.swift in Sources */ = {isa = PBXBuildFile; fileRef = B140807126047FB700FA0047 /* CSLogButton.swift */; };
		B14080782604816A00FA0047 /* button-bg.png in Resources */ = {isa = PBXBuildFile; fileRef = B14080742604816A00FA0047 /* button-bg.png */; };
		B14080792604816A00FA0047 /* fountainpen@2x.png in Resources */ = {isa = PBXBuildFile; fileRef = B14080752604816A00FA0047 /* fountainpen@2x.png */; };
		B140807A2604816A00FA0047 /* warning-icon-60@2x.png in Resources */ = {isa = PBXBuildFile; fileRef = B14080762604816A00FA0047 /* warning-icon-60@2x.png */; };
		B140807B2604816A00FA0047 /* memo-background@2x.png in Resources */ = {isa = PBXBuildFile; fileRef = B14080772604816A00FA0047 /* memo-background@2x.png */; };
		B154EE2125F5D56A0061C4D1 /* AppDelegate.swift in Sources */ = {isa = PBXBuildFile; fileRef = B154EE2025F5D56A0061C4D1 /* AppDelegate.swift */; };
		B154EE2325F5D56A0061C4D1 /* SceneDelegate.swift in Sources */ = {isa = PBXBuildFile; fileRef = B154EE2225F5D56A0061C4D1 /* SceneDelegate.swift */; };
		B154EE2525F5D56A0061C4D1 /* ViewController.swift in Sources */ = {isa = PBXBuildFile; fileRef = B154EE2425F5D56A0061C4D1 /* ViewController.swift */; };
		B154EE2825F5D56A0061C4D1 /* Main.storyboard in Resources */ = {isa = PBXBuildFile; fileRef = B154EE2625F5D56A0061C4D1 /* Main.storyboard */; };
		B154EE2B25F5D56A0061C4D1 /* MyMemory.xcdatamodeld in Sources */ = {isa = PBXBuildFile; fileRef = B154EE2925F5D56A0061C4D1 /* MyMemory.xcdatamodeld */; };
		B154EE2D25F5D56A0061C4D1 /* Assets.xcassets in Resources */ = {isa = PBXBuildFile; fileRef = B154EE2C25F5D56A0061C4D1 /* Assets.xcassets */; };
		B154EE3025F5D56A0061C4D1 /* LaunchScreen.storyboard in Resources */ = {isa = PBXBuildFile; fileRef = B154EE2E25F5D56A0061C4D1 /* LaunchScreen.storyboard */; };
		B154EE3E25F5F3D30061C4D1 /* MemoListVC.swift in Sources */ = {isa = PBXBuildFile; fileRef = B154EE3D25F5F3D30061C4D1 /* MemoListVC.swift */; };
		B154EE4125F5F3F90061C4D1 /* MemoFormVC.swift in Sources */ = {isa = PBXBuildFile; fileRef = B154EE4025F5F3F90061C4D1 /* MemoFormVC.swift */; };
		B154EE4425F5F4070061C4D1 /* MemoReadVC.swift in Sources */ = {isa = PBXBuildFile; fileRef = B154EE4325F5F4070061C4D1 /* MemoReadVC.swift */; };
		B154EE4725F5F41D0061C4D1 /* MemoCell.swift in Sources */ = {isa = PBXBuildFile; fileRef = B154EE4625F5F41D0061C4D1 /* MemoCell.swift */; };
		B154EE4A25F5F6500061C4D1 /* MemoData.swift in Sources */ = {isa = PBXBuildFile; fileRef = B154EE4925F5F6500061C4D1 /* MemoData.swift */; };
/* End PBXBuildFile section */

/* Begin PBXFileReference section */
		B140807126047FB700FA0047 /* CSLogButton.swift */ = {isa = PBXFileReference; lastKnownFileType = sourcecode.swift; path = CSLogButton.swift; sourceTree = "<group>"; };
		B14080742604816A00FA0047 /* button-bg.png */ = {isa = PBXFileReference; lastKnownFileType = image.png; path = "button-bg.png"; sourceTree = "<group>"; };
		B14080752604816A00FA0047 /* fountainpen@2x.png */ = {isa = PBXFileReference; lastKnownFileType = image.png; path = "fountainpen@2x.png"; sourceTree = "<group>"; };
		B14080762604816A00FA0047 /* warning-icon-60@2x.png */ = {isa = PBXFileReference; lastKnownFileType = image.png; path = "warning-icon-60@2x.png"; sourceTree = "<group>"; };
		B14080772604816A00FA0047 /* memo-background@2x.png */ = {isa = PBXFileReference; lastKnownFileType = image.png; path = "memo-background@2x.png"; sourceTree = "<group>"; };
		B154EE1D25F5D56A0061C4D1 /* MyMemory.app */ = {isa = PBXFileReference; explicitFileType = wrapper.application; includeInIndex = 0; path = MyMemory.app; sourceTree = BUILT_PRODUCTS_DIR; };
		B154EE2025F5D56A0061C4D1 /* AppDelegate.swift */ = {isa = PBXFileReference; lastKnownFileType = sourcecode.swift; path = AppDelegate.swift; sourceTree = "<group>"; };
		B154EE2225F5D56A0061C4D1 /* SceneDelegate.swift */ = {isa = PBXFileReference; lastKnownFileType = sourcecode.swift; path = SceneDelegate.swift; sourceTree = "<group>"; };
		B154EE2425F5D56A0061C4D1 /* ViewController.swift */ = {isa = PBXFileReference; lastKnownFileType = sourcecode.swift; path = ViewController.swift; sourceTree = "<group>"; };
		B154EE2725F5D56A0061C4D1 /* Base */ = {isa = PBXFileReference; lastKnownFileType = file.storyboard; name = Base; path = Base.lproj/Main.storyboard; sourceTree = "<group>"; };
		B154EE2A25F5D56A0061C4D1 /* MyMemory.xcdatamodel */ = {isa = PBXFileReference; lastKnownFileType = wrapper.xcdatamodel; path = MyMemory.xcdatamodel; sourceTree = "<group>"; };
		B154EE2C25F5D56A0061C4D1 /* Assets.xcassets */ = {isa = PBXFileReference; lastKnownFileType = folder.assetcatalog; path = Assets.xcassets; sourceTree = "<group>"; };
		B154EE2F25F5D56A0061C4D1 /* Base */ = {isa = PBXFileReference; lastKnownFileType = file.storyboard; name = Base; path = Base.lproj/LaunchScreen.storyboard; sourceTree = "<group>"; };
		B154EE3125F5D56A0061C4D1 /* Info.plist */ = {isa = PBXFileReference; lastKnownFileType = text.plist.xml; path = Info.plist; sourceTree = "<group>"; };
		B154EE3D25F5F3D30061C4D1 /* MemoListVC.swift */ = {isa = PBXFileReference; lastKnownFileType = sourcecode.swift; path = MemoListVC.swift; sourceTree = "<group>"; };
		B154EE4025F5F3F90061C4D1 /* MemoFormVC.swift */ = {isa = PBXFileReference; lastKnownFileType = sourcecode.swift; path = MemoFormVC.swift; sourceTree = "<group>"; };
		B154EE4325F5F4070061C4D1 /* MemoReadVC.swift */ = {isa = PBXFileReference; lastKnownFileType = sourcecode.swift; path = MemoReadVC.swift; sourceTree = "<group>"; };
		B154EE4625F5F41D0061C4D1 /* MemoCell.swift */ = {isa = PBXFileReference; lastKnownFileType = sourcecode.swift; path = MemoCell.swift; sourceTree = "<group>"; };
		B154EE4925F5F6500061C4D1 /* MemoData.swift */ = {isa = PBXFileReference; lastKnownFileType = sourcecode.swift; path = MemoData.swift; sourceTree = "<group>"; };
/* End PBXFileReference section */

/* Begin PBXFrameworksBuildPhase section */
		B154EE1A25F5D56A0061C4D1 /* Frameworks */ = {
			isa = PBXFrameworksBuildPhase;
			buildActionMask = 2147483647;
			files = (
			);
			runOnlyForDeploymentPostprocessing = 0;
		};
/* End PBXFrameworksBuildPhase section */

/* Begin PBXGroup section */
		B154EE1425F5D56A0061C4D1 = {
			isa = PBXGroup;
			children = (
				B154EE1F25F5D56A0061C4D1 /* MyMemory */,
				B154EE1E25F5D56A0061C4D1 /* Products */,
			);
			sourceTree = "<group>";
		};
		B154EE1E25F5D56A0061C4D1 /* Products */ = {
			isa = PBXGroup;
			children = (
				B154EE1D25F5D56A0061C4D1 /* MyMemory.app */,
			);
			name = Products;
			sourceTree = "<group>";
		};
		B154EE1F25F5D56A0061C4D1 /* MyMemory */ = {
			isa = PBXGroup;
			children = (
				B154EE2025F5D56A0061C4D1 /* AppDelegate.swift */,
				B154EE2225F5D56A0061C4D1 /* SceneDelegate.swift */,
				B154EE2425F5D56A0061C4D1 /* ViewController.swift */,
				B154EE2625F5D56A0061C4D1 /* Main.storyboard */,
				B154EE2C25F5D56A0061C4D1 /* Assets.xcassets */,
				B154EE2E25F5D56A0061C4D1 /* LaunchScreen.storyboard */,
				B154EE3125F5D56A0061C4D1 /* Info.plist */,
				B154EE2925F5D56A0061C4D1 /* MyMemory.xcdatamodeld */,
				B154EE3D25F5F3D30061C4D1 /* MemoListVC.swift */,
				B154EE4025F5F3F90061C4D1 /* MemoFormVC.swift */,
				B14080742604816A00FA0047 /* button-bg.png */,
				B14080752604816A00FA0047 /* fountainpen@2x.png */,
				B14080772604816A00FA0047 /* memo-background@2x.png */,
				B14080762604816A00FA0047 /* warning-icon-60@2x.png */,
				B154EE4325F5F4070061C4D1 /* MemoReadVC.swift */,
				B154EE4625F5F41D0061C4D1 /* MemoCell.swift */,
				B154EE4925F5F6500061C4D1 /* MemoData.swift */,
				B140807126047FB700FA0047 /* CSLogButton.swift */,
			);
			path = MyMemory;
			sourceTree = "<group>";
		};
/* End PBXGroup section */

/* Begin PBXNativeTarget section */
		B154EE1C25F5D56A0061C4D1 /* MyMemory */ = {
			isa = PBXNativeTarget;
			buildConfigurationList = B154EE3425F5D56A0061C4D1 /* Build configuration list for PBXNativeTarget "MyMemory" */;
			buildPhases = (
				B154EE1925F5D56A0061C4D1 /* Sources */,
				B154EE1A25F5D56A0061C4D1 /* Frameworks */,
				B154EE1B25F5D56A0061C4D1 /* Resources */,
			);
			buildRules = (
			);
			dependencies = (
			);
			name = MyMemory;
			productName = MyMemory;
			productReference = B154EE1D25F5D56A0061C4D1 /* MyMemory.app */;
			productType = "com.apple.product-type.application";
		};
/* End PBXNativeTarget section */

/* Begin PBXProject section */
		B154EE1525F5D56A0061C4D1 /* Project object */ = {
			isa = PBXProject;
			attributes = {
				LastSwiftUpdateCheck = 1240;
				LastUpgradeCheck = 1240;
				TargetAttributes = {
					B154EE1C25F5D56A0061C4D1 = {
						CreatedOnToolsVersion = 12.4;
					};
				};
			};
			buildConfigurationList = B154EE1825F5D56A0061C4D1 /* Build configuration list for PBXProject "MyMemory" */;
			compatibilityVersion = "Xcode 9.3";
			developmentRegion = en;
			hasScannedForEncodings = 0;
			knownRegions = (
				en,
				Base,
			);
			mainGroup = B154EE1425F5D56A0061C4D1;
			productRefGroup = B154EE1E25F5D56A0061C4D1 /* Products */;
			projectDirPath = "";
			projectRoot = "";
			targets = (
				B154EE1C25F5D56A0061C4D1 /* MyMemory */,
			);
		};
/* End PBXProject section */

/* Begin PBXResourcesBuildPhase section */
		B154EE1B25F5D56A0061C4D1 /* Resources */ = {
			isa = PBXResourcesBuildPhase;
			buildActionMask = 2147483647;
			files = (
				B140807B2604816A00FA0047 /* memo-background@2x.png in Resources */,
				B154EE3025F5D56A0061C4D1 /* LaunchScreen.storyboard in Resources */,
				B154EE2D25F5D56A0061C4D1 /* Assets.xcassets in Resources */,
				B14080782604816A00FA0047 /* button-bg.png in Resources */,
				B14080792604816A00FA0047 /* fountainpen@2x.png in Resources */,
				B140807A2604816A00FA0047 /* warning-icon-60@2x.png in Resources */,
				B154EE2825F5D56A0061C4D1 /* Main.storyboard in Resources */,
			);
			runOnlyForDeploymentPostprocessing = 0;
		};
/* End PBXResourcesBuildPhase section */

/* Begin PBXSourcesBuildPhase section */
		B154EE1925F5D56A0061C4D1 /* Sources */ = {
			isa = PBXSourcesBuildPhase;
			buildActionMask = 2147483647;
			files = (
				B154EE2B25F5D56A0061C4D1 /* MyMemory.xcdatamodeld in Sources */,
				B154EE3E25F5F3D30061C4D1 /* MemoListVC.swift in Sources */,
				B154EE4125F5F3F90061C4D1 /* MemoFormVC.swift in Sources */,
				B154EE2525F5D56A0061C4D1 /* ViewController.swift in Sources */,
				B154EE2125F5D56A0061C4D1 /* AppDelegate.swift in Sources */,
				B154EE2325F5D56A0061C4D1 /* SceneDelegate.swift in Sources */,
				B140807226047FB700FA0047 /* CSLogButton.swift in Sources */,
				B154EE4A25F5F6500061C4D1 /* MemoData.swift in Sources */,
				B154EE4425F5F4070061C4D1 /* MemoReadVC.swift in Sources */,
				B154EE4725F5F41D0061C4D1 /* MemoCell.swift in Sources */,
			);
			runOnlyForDeploymentPostprocessing = 0;
		};
/* End PBXSourcesBuildPhase section */

/* Begin PBXVariantGroup section */
		B154EE2625F5D56A0061C4D1 /* Main.storyboard */ = {
			isa = PBXVariantGroup;
			children = (
				B154EE2725F5D56A0061C4D1 /* Base */,
			);
			name = Main.storyboard;
			sourceTree = "<group>";
		};
		B154EE2E25F5D56A0061C4D1 /* LaunchScreen.storyboard */ = {
			isa = PBXVariantGroup;
			children = (
				B154EE2F25F5D56A0061C4D1 /* Base */,
			);
			name = LaunchScreen.storyboard;
			sourceTree = "<group>";
		};
/* End PBXVariantGroup section */

/* Begin XCBuildConfiguration section */
		B154EE3225F5D56A0061C4D1 /* Debug */ = {
			isa = XCBuildConfiguration;
			buildSettings = {
				ALWAYS_SEARCH_USER_PATHS = NO;
				CLANG_ANALYZER_NONNULL = YES;
				CLANG_ANALYZER_NUMBER_OBJECT_CONVERSION = YES_AGGRESSIVE;
				CLANG_CXX_LANGUAGE_STANDARD = "gnu++14";
				CLANG_CXX_LIBRARY = "libc++";
				CLANG_ENABLE_MODULES = YES;
				CLANG_ENABLE_OBJC_ARC = YES;
				CLANG_ENABLE_OBJC_WEAK = YES;
				CLANG_WARN_BLOCK_CAPTURE_AUTORELEASING = YES;
				CLANG_WARN_BOOL_CONVERSION = YES;
				CLANG_WARN_COMMA = YES;
				CLANG_WARN_CONSTANT_CONVERSION = YES;
				CLANG_WARN_DEPRECATED_OBJC_IMPLEMENTATIONS = YES;
				CLANG_WARN_DIRECT_OBJC_ISA_USAGE = YES_ERROR;
				CLANG_WARN_DOCUMENTATION_COMMENTS = YES;
				CLANG_WARN_EMPTY_BODY = YES;
				CLANG_WARN_ENUM_CONVERSION = YES;
				CLANG_WARN_INFINITE_RECURSION = YES;
				CLANG_WARN_INT_CONVERSION = YES;
				CLANG_WARN_NON_LITERAL_NULL_CONVERSION = YES;
				CLANG_WARN_OBJC_IMPLICIT_RETAIN_SELF = YES;
				CLANG_WARN_OBJC_LITERAL_CONVERSION = YES;
				CLANG_WARN_OBJC_ROOT_CLASS = YES_ERROR;
				CLANG_WARN_QUOTED_INCLUDE_IN_FRAMEWORK_HEADER = YES;
				CLANG_WARN_RANGE_LOOP_ANALYSIS = YES;
				CLANG_WARN_STRICT_PROTOTYPES = YES;
				CLANG_WARN_SUSPICIOUS_MOVE = YES;
				CLANG_WARN_UNGUARDED_AVAILABILITY = YES_AGGRESSIVE;
				CLANG_WARN_UNREACHABLE_CODE = YES;
				CLANG_WARN__DUPLICATE_METHOD_MATCH = YES;
				COPY_PHASE_STRIP = NO;
				DEBUG_INFORMATION_FORMAT = dwarf;
				ENABLE_STRICT_OBJC_MSGSEND = YES;
				ENABLE_TESTABILITY = YES;
				GCC_C_LANGUAGE_STANDARD = gnu11;
				GCC_DYNAMIC_NO_PIC = NO;
				GCC_NO_COMMON_BLOCKS = YES;
				GCC_OPTIMIZATION_LEVEL = 0;
				GCC_PREPROCESSOR_DEFINITIONS = (
					"DEBUG=1",
					"$(inherited)",
				);
				GCC_WARN_64_TO_32_BIT_CONVERSION = YES;
				GCC_WARN_ABOUT_RETURN_TYPE = YES_ERROR;
				GCC_WARN_UNDECLARED_SELECTOR = YES;
				GCC_WARN_UNINITIALIZED_AUTOS = YES_AGGRESSIVE;
				GCC_WARN_UNUSED_FUNCTION = YES;
				GCC_WARN_UNUSED_VARIABLE = YES;
				IPHONEOS_DEPLOYMENT_TARGET = 14.4;
				MTL_ENABLE_DEBUG_INFO = INCLUDE_SOURCE;
				MTL_FAST_MATH = YES;
				ONLY_ACTIVE_ARCH = YES;
				SDKROOT = iphoneos;
				SWIFT_ACTIVE_COMPILATION_CONDITIONS = DEBUG;
				SWIFT_OPTIMIZATION_LEVEL = "-Onone";
			};
			name = Debug;
		};
		B154EE3325F5D56A0061C4D1 /* Release */ = {
			isa = XCBuildConfiguration;
			buildSettings = {
				ALWAYS_SEARCH_USER_PATHS = NO;
				CLANG_ANALYZER_NONNULL = YES;
				CLANG_ANALYZER_NUMBER_OBJECT_CONVERSION = YES_AGGRESSIVE;
				CLANG_CXX_LANGUAGE_STANDARD = "gnu++14";
				CLANG_CXX_LIBRARY = "libc++";
				CLANG_ENABLE_MODULES = YES;
				CLANG_ENABLE_OBJC_ARC = YES;
				CLANG_ENABLE_OBJC_WEAK = YES;
				CLANG_WARN_BLOCK_CAPTURE_AUTORELEASING = YES;
				CLANG_WARN_BOOL_CONVERSION = YES;
				CLANG_WARN_COMMA = YES;
				CLANG_WARN_CONSTANT_CONVERSION = YES;
				CLANG_WARN_DEPRECATED_OBJC_IMPLEMENTATIONS = YES;
				CLANG_WARN_DIRECT_OBJC_ISA_USAGE = YES_ERROR;
				CLANG_WARN_DOCUMENTATION_COMMENTS = YES;
				CLANG_WARN_EMPTY_BODY = YES;
				CLANG_WARN_ENUM_CONVERSION = YES;
				CLANG_WARN_INFINITE_RECURSION = YES;
				CLANG_WARN_INT_CONVERSION = YES;
				CLANG_WARN_NON_LITERAL_NULL_CONVERSION = YES;
				CLANG_WARN_OBJC_IMPLICIT_RETAIN_SELF = YES;
				CLANG_WARN_OBJC_LITERAL_CONVERSION = YES;
				CLANG_WARN_OBJC_ROOT_CLASS = YES_ERROR;
				CLANG_WARN_QUOTED_INCLUDE_IN_FRAMEWORK_HEADER = YES;
				CLANG_WARN_RANGE_LOOP_ANALYSIS = YES;
				CLANG_WARN_STRICT_PROTOTYPES = YES;
				CLANG_WARN_SUSPICIOUS_MOVE = YES;
				CLANG_WARN_UNGUARDED_AVAILABILITY = YES_AGGRESSIVE;
				CLANG_WARN_UNREACHABLE_CODE = YES;
				CLANG_WARN__DUPLICATE_METHOD_MATCH = YES;
				COPY_PHASE_STRIP = NO;
				DEBUG_INFORMATION_FORMAT = "dwarf-with-dsym";
				ENABLE_NS_ASSERTIONS = NO;
				ENABLE_STRICT_OBJC_MSGSEND = YES;
				GCC_C_LANGUAGE_STANDARD = gnu11;
				GCC_NO_COMMON_BLOCKS = YES;
				GCC_WARN_64_TO_32_BIT_CONVERSION = YES;
				GCC_WARN_ABOUT_RETURN_TYPE = YES_ERROR;
				GCC_WARN_UNDECLARED_SELECTOR = YES;
				GCC_WARN_UNINITIALIZED_AUTOS = YES_AGGRESSIVE;
				GCC_WARN_UNUSED_FUNCTION = YES;
				GCC_WARN_UNUSED_VARIABLE = YES;
				IPHONEOS_DEPLOYMENT_TARGET = 14.4;
				MTL_ENABLE_DEBUG_INFO = NO;
				MTL_FAST_MATH = YES;
				SDKROOT = iphoneos;
				SWIFT_COMPILATION_MODE = wholemodule;
				SWIFT_OPTIMIZATION_LEVEL = "-O";
				VALIDATE_PRODUCT = YES;
			};
			name = Release;
		};
		B154EE3525F5D56A0061C4D1 /* Debug */ = {
			isa = XCBuildConfiguration;
			buildSettings = {
				ASSETCATALOG_COMPILER_APPICON_NAME = AppIcon;
				ASSETCATALOG_COMPILER_GLOBAL_ACCENT_COLOR_NAME = AccentColor;
				CODE_SIGN_STYLE = Automatic;
				DEVELOPMENT_TEAM = 38PD5AHVVF;
				INFOPLIST_FILE = MyMemory/Info.plist;
				LD_RUNPATH_SEARCH_PATHS = (
					"$(inherited)",
					"@executable_path/Frameworks",
				);
				PRODUCT_BUNDLE_IDENTIFIER = lgw9898.MyMemory;
				PRODUCT_NAME = "$(TARGET_NAME)";
				SWIFT_VERSION = 5.0;
				TARGETED_DEVICE_FAMILY = 1;
			};
			name = Debug;
		};
		B154EE3625F5D56A0061C4D1 /* Release */ = {
			isa = XCBuildConfiguration;
			buildSettings = {
				ASSETCATALOG_COMPILER_APPICON_NAME = AppIcon;
				ASSETCATALOG_COMPILER_GLOBAL_ACCENT_COLOR_NAME = AccentColor;
				CODE_SIGN_STYLE = Automatic;
				DEVELOPMENT_TEAM = 38PD5AHVVF;
				INFOPLIST_FILE = MyMemory/Info.plist;
				LD_RUNPATH_SEARCH_PATHS = (
					"$(inherited)",
					"@executable_path/Frameworks",
				);
				PRODUCT_BUNDLE_IDENTIFIER = lgw9898.MyMemory;
				PRODUCT_NAME = "$(TARGET_NAME)";
				SWIFT_VERSION = 5.0;
				TARGETED_DEVICE_FAMILY = 1;
			};
			name = Release;
		};
/* End XCBuildConfiguration section */

/* Begin XCConfigurationList section */
		B154EE1825F5D56A0061C4D1 /* Build configuration list for PBXProject "MyMemory" */ = {
			isa = XCConfigurationList;
			buildConfigurations = (
				B154EE3225F5D56A0061C4D1 /* Debug */,
				B154EE3325F5D56A0061C4D1 /* Release */,
			);
			defaultConfigurationIsVisible = 0;
			defaultConfigurationName = Release;
		};
		B154EE3425F5D56A0061C4D1 /* Build configuration list for PBXNativeTarget "MyMemory" */ = {
			isa = XCConfigurationList;
			buildConfigurations = (
				B154EE3525F5D56A0061C4D1 /* Debug */,
				B154EE3625F5D56A0061C4D1 /* Release */,
			);
			defaultConfigurationIsVisible = 0;
			defaultConfigurationName = Release;
		};
/* End XCConfigurationList section */

/* Begin XCVersionGroup section */
		B154EE2925F5D56A0061C4D1 /* MyMemory.xcdatamodeld */ = {
			isa = XCVersionGroup;
			children = (
				B154EE2A25F5D56A0061C4D1 /* MyMemory.xcdatamodel */,
			);
			currentVersion = B154EE2A25F5D56A0061C4D1 /* MyMemory.xcdatamodel */;
			path = MyMemory.xcdatamodeld;
			sourceTree = "<group>";
			versionGroupType = wrapper.xcdatamodel;
		};
/* End XCVersionGroup section */
	};
	rootObject = B154EE1525F5D56A0061C4D1 /* Project object */;
}
